// !$*UTF8*$!
{
	archiveVersion = 1;
	classes = {
	};
	objectVersion = 46;
	objects = {

/* Begin PBXBuildFile section */
		124F9A521F746C9B004CDE9F /* StudentInformationHandler.swift in Sources */ = {isa = PBXBuildFile; fileRef = 124F9A511F746C9B004CDE9F /* StudentInformationHandler.swift */; };
		124F9A541F75F821004CDE9F /* StudentInformationClient.swift in Sources */ = {isa = PBXBuildFile; fileRef = 124F9A531F75F821004CDE9F /* StudentInformationClient.swift */; };
		127D25F91F6F4CE6000F2074 /* OnTheMapTabBarController.swift in Sources */ = {isa = PBXBuildFile; fileRef = 127D25F81F6F4CE6000F2074 /* OnTheMapTabBarController.swift */; };
		1288ED6B1F71B6BE008AF851 /* AlertViewHelper.swift in Sources */ = {isa = PBXBuildFile; fileRef = 1288ED6A1F71B6BE008AF851 /* AlertViewHelper.swift */; };
		12A58C0A1F7B55F9008F0D6A /* VIewControllerExtensions.swift in Sources */ = {isa = PBXBuildFile; fileRef = 12A58C091F7B55F9008F0D6A /* VIewControllerExtensions.swift */; };
		12CF163F1F670FEA004E6D06 /* AppDelegate.swift in Sources */ = {isa = PBXBuildFile; fileRef = 12CF163E1F670FEA004E6D06 /* AppDelegate.swift */; };
		12CF16411F670FEA004E6D06 /* LoginViewController.swift in Sources */ = {isa = PBXBuildFile; fileRef = 12CF16401F670FEA004E6D06 /* LoginViewController.swift */; };
		12CF16441F670FEA004E6D06 /* Main.storyboard in Resources */ = {isa = PBXBuildFile; fileRef = 12CF16421F670FEA004E6D06 /* Main.storyboard */; };
		12CF16461F670FEA004E6D06 /* Assets.xcassets in Resources */ = {isa = PBXBuildFile; fileRef = 12CF16451F670FEA004E6D06 /* Assets.xcassets */; };
		12CF16491F670FEA004E6D06 /* LaunchScreen.storyboard in Resources */ = {isa = PBXBuildFile; fileRef = 12CF16471F670FEA004E6D06 /* LaunchScreen.storyboard */; };
		12CF16551F671D38004E6D06 /* ParseConstants.swift in Sources */ = {isa = PBXBuildFile; fileRef = 12CF16541F671D38004E6D06 /* ParseConstants.swift */; };
		12CF16571F671D6F004E6D06 /* UdacityConstants.swift in Sources */ = {isa = PBXBuildFile; fileRef = 12CF16561F671D6F004E6D06 /* UdacityConstants.swift */; };
		12CF16591F671DA9004E6D06 /* StudentInformation.swift in Sources */ = {isa = PBXBuildFile; fileRef = 12CF16581F671DA9004E6D06 /* StudentInformation.swift */; };
		12CF165B1F671DD3004E6D06 /* UdacityClient.swift in Sources */ = {isa = PBXBuildFile; fileRef = 12CF165A1F671DD3004E6D06 /* UdacityClient.swift */; };
		12CF165D1F671DF0004E6D06 /* ParseClient.swift in Sources */ = {isa = PBXBuildFile; fileRef = 12CF165C1F671DEF004E6D06 /* ParseClient.swift */; };
		12CF165F1F671EA9004E6D06 /* StudentInformationTableViewController.swift in Sources */ = {isa = PBXBuildFile; fileRef = 12CF165E1F671EA9004E6D06 /* StudentInformationTableViewController.swift */; };
		12CF16611F671F61004E6D06 /* StudentMapViewController.swift in Sources */ = {isa = PBXBuildFile; fileRef = 12CF16601F671F61004E6D06 /* StudentMapViewController.swift */; };
		12CF16631F671F7C004E6D06 /* StudentInformationPostingViewController.swift in Sources */ = {isa = PBXBuildFile; fileRef = 12CF16621F671F7C004E6D06 /* StudentInformationPostingViewController.swift */; };
		12CF166F1F672609004E6D06 /* GCDBlackBox.swift in Sources */ = {isa = PBXBuildFile; fileRef = 12CF166E1F672609004E6D06 /* GCDBlackBox.swift */; };
		12CF16711F678497004E6D06 /* NetworkClient.swift in Sources */ = {isa = PBXBuildFile; fileRef = 12CF16701F678497004E6D06 /* NetworkClient.swift */; };
/* End PBXBuildFile section */

/* Begin PBXFileReference section */
		124F9A511F746C9B004CDE9F /* StudentInformationHandler.swift */ = {isa = PBXFileReference; fileEncoding = 4; lastKnownFileType = sourcecode.swift; path = StudentInformationHandler.swift; sourceTree = "<group>"; };
		124F9A531F75F821004CDE9F /* StudentInformationClient.swift */ = {isa = PBXFileReference; lastKnownFileType = sourcecode.swift; path = StudentInformationClient.swift; sourceTree = "<group>"; };
		127D25F81F6F4CE6000F2074 /* OnTheMapTabBarController.swift */ = {isa = PBXFileReference; fileEncoding = 4; lastKnownFileType = sourcecode.swift; path = OnTheMapTabBarController.swift; sourceTree = "<group>"; };
		1288ED6A1F71B6BE008AF851 /* AlertViewHelper.swift */ = {isa = PBXFileReference; fileEncoding = 4; lastKnownFileType = sourcecode.swift; path = AlertViewHelper.swift; sourceTree = "<group>"; };
		12A58C091F7B55F9008F0D6A /* VIewControllerExtensions.swift */ = {isa = PBXFileReference; lastKnownFileType = sourcecode.swift; path = VIewControllerExtensions.swift; sourceTree = "<group>"; };
		12CF163B1F670FEA004E6D06 /* On The Map.app */ = {isa = PBXFileReference; explicitFileType = wrapper.application; includeInIndex = 0; path = "On The Map.app"; sourceTree = BUILT_PRODUCTS_DIR; };
		12CF163E1F670FEA004E6D06 /* AppDelegate.swift */ = {isa = PBXFileReference; lastKnownFileType = sourcecode.swift; path = AppDelegate.swift; sourceTree = "<group>"; };
		12CF16401F670FEA004E6D06 /* LoginViewController.swift */ = {isa = PBXFileReference; lastKnownFileType = sourcecode.swift; path = LoginViewController.swift; sourceTree = "<group>"; };
		12CF16431F670FEA004E6D06 /* Base */ = {isa = PBXFileReference; lastKnownFileType = file.storyboard; name = Base; path = Base.lproj/Main.storyboard; sourceTree = "<group>"; };
		12CF16451F670FEA004E6D06 /* Assets.xcassets */ = {isa = PBXFileReference; lastKnownFileType = folder.assetcatalog; path = Assets.xcassets; sourceTree = "<group>"; };
		12CF16481F670FEA004E6D06 /* Base */ = {isa = PBXFileReference; lastKnownFileType = file.storyboard; name = Base; path = Base.lproj/LaunchScreen.storyboard; sourceTree = "<group>"; };
		12CF164A1F670FEA004E6D06 /* Info.plist */ = {isa = PBXFileReference; lastKnownFileType = text.plist.xml; path = Info.plist; sourceTree = "<group>"; };
		12CF16541F671D38004E6D06 /* ParseConstants.swift */ = {isa = PBXFileReference; fileEncoding = 4; lastKnownFileType = sourcecode.swift; path = ParseConstants.swift; sourceTree = "<group>"; };
		12CF16561F671D6F004E6D06 /* UdacityConstants.swift */ = {isa = PBXFileReference; fileEncoding = 4; lastKnownFileType = sourcecode.swift; path = UdacityConstants.swift; sourceTree = "<group>"; };
		12CF16581F671DA9004E6D06 /* StudentInformation.swift */ = {isa = PBXFileReference; fileEncoding = 4; lastKnownFileType = sourcecode.swift; path = StudentInformation.swift; sourceTree = "<group>"; };
		12CF165A1F671DD3004E6D06 /* UdacityClient.swift */ = {isa = PBXFileReference; fileEncoding = 4; lastKnownFileType = sourcecode.swift; path = UdacityClient.swift; sourceTree = "<group>"; };
		12CF165C1F671DEF004E6D06 /* ParseClient.swift */ = {isa = PBXFileReference; fileEncoding = 4; lastKnownFileType = sourcecode.swift; path = ParseClient.swift; sourceTree = "<group>"; };
		12CF165E1F671EA9004E6D06 /* StudentInformationTableViewController.swift */ = {isa = PBXFileReference; fileEncoding = 4; lastKnownFileType = sourcecode.swift; path = StudentInformationTableViewController.swift; sourceTree = "<group>"; };
		12CF16601F671F61004E6D06 /* StudentMapViewController.swift */ = {isa = PBXFileReference; fileEncoding = 4; lastKnownFileType = sourcecode.swift; path = StudentMapViewController.swift; sourceTree = "<group>"; };
		12CF16621F671F7C004E6D06 /* StudentInformationPostingViewController.swift */ = {isa = PBXFileReference; fileEncoding = 4; lastKnownFileType = sourcecode.swift; path = StudentInformationPostingViewController.swift; sourceTree = "<group>"; };
		12CF166E1F672609004E6D06 /* GCDBlackBox.swift */ = {isa = PBXFileReference; fileEncoding = 4; lastKnownFileType = sourcecode.swift; path = GCDBlackBox.swift; sourceTree = "<group>"; };
		12CF16701F678497004E6D06 /* NetworkClient.swift */ = {isa = PBXFileReference; fileEncoding = 4; lastKnownFileType = sourcecode.swift; path = NetworkClient.swift; sourceTree = "<group>"; };
/* End PBXFileReference section */

/* Begin PBXFrameworksBuildPhase section */
		12CF16381F670FEA004E6D06 /* Frameworks */ = {
			isa = PBXFrameworksBuildPhase;
			buildActionMask = 2147483647;
			files = (
			);
			runOnlyForDeploymentPostprocessing = 0;
		};
/* End PBXFrameworksBuildPhase section */

/* Begin PBXGroup section */
		12CF16321F670FEA004E6D06 = {
			isa = PBXGroup;
			children = (
				12CF163D1F670FEA004E6D06 /* On The Map */,
				12CF163C1F670FEA004E6D06 /* Products */,
			);
			sourceTree = "<group>";
		};
		12CF163C1F670FEA004E6D06 /* Products */ = {
			isa = PBXGroup;
			children = (
				12CF163B1F670FEA004E6D06 /* On The Map.app */,
			);
			name = Products;
			sourceTree = "<group>";
		};
		12CF163D1F670FEA004E6D06 /* On The Map */ = {
			isa = PBXGroup;
			children = (
				12CF163E1F670FEA004E6D06 /* AppDelegate.swift */,
				12CF166E1F672609004E6D06 /* GCDBlackBox.swift */,
				12CF16681F672051004E6D06 /* Model */,
				12CF16661F671FED004E6D06 /* Controller */,
				12CF166C1F672575004E6D06 /* Assets */,
				12CF166D1F672596004E6D06 /* Supporting Files */,
			);
			path = "On The Map";
			sourceTree = "<group>";
		};
		12CF16661F671FED004E6D06 /* Controller */ = {
			isa = PBXGroup;
			children = (
				12A58C091F7B55F9008F0D6A /* VIewControllerExtensions.swift */,
				127D25F81F6F4CE6000F2074 /* OnTheMapTabBarController.swift */,
				12CF16401F670FEA004E6D06 /* LoginViewController.swift */,
				1288ED6A1F71B6BE008AF851 /* AlertViewHelper.swift */,
				12CF165E1F671EA9004E6D06 /* StudentInformationTableViewController.swift */,
				12CF16601F671F61004E6D06 /* StudentMapViewController.swift */,
				12CF16621F671F7C004E6D06 /* StudentInformationPostingViewController.swift */,
			);
			name = Controller;
			sourceTree = "<group>";
		};
		12CF16681F672051004E6D06 /* Model */ = {
			isa = PBXGroup;
			children = (
				12CF16581F671DA9004E6D06 /* StudentInformation.swift */,
				124F9A511F746C9B004CDE9F /* StudentInformationHandler.swift */,
				12CF16691F672437004E6D06 /* Clients */,
				124F9A531F75F821004CDE9F /* StudentInformationClient.swift */,
			);
			name = Model;
			sourceTree = "<group>";
		};
		12CF16691F672437004E6D06 /* Clients */ = {
			isa = PBXGroup;
			children = (
				12CF16701F678497004E6D06 /* NetworkClient.swift */,
				12CF166B1F67246A004E6D06 /* Udacity */,
				12CF166A1F67245A004E6D06 /* Parse */,
			);
			name = Clients;
			sourceTree = "<group>";
		};
		12CF166A1F67245A004E6D06 /* Parse */ = {
			isa = PBXGroup;
			children = (
				12CF16541F671D38004E6D06 /* ParseConstants.swift */,
				12CF165C1F671DEF004E6D06 /* ParseClient.swift */,
			);
			name = Parse;
			sourceTree = "<group>";
		};
		12CF166B1F67246A004E6D06 /* Udacity */ = {
			isa = PBXGroup;
			children = (
				12CF16561F671D6F004E6D06 /* UdacityConstants.swift */,
				12CF165A1F671DD3004E6D06 /* UdacityClient.swift */,
			);
			name = Udacity;
			sourceTree = "<group>";
		};
		12CF166C1F672575004E6D06 /* Assets */ = {
			isa = PBXGroup;
			children = (
				12CF16421F670FEA004E6D06 /* Main.storyboard */,
				12CF16451F670FEA004E6D06 /* Assets.xcassets */,
				12CF16471F670FEA004E6D06 /* LaunchScreen.storyboard */,
			);
			name = Assets;
			sourceTree = "<group>";
		};
		12CF166D1F672596004E6D06 /* Supporting Files */ = {
			isa = PBXGroup;
			children = (
				12CF164A1F670FEA004E6D06 /* Info.plist */,
			);
			name = "Supporting Files";
			sourceTree = "<group>";
		};
/* End PBXGroup section */

/* Begin PBXNativeTarget section */
		12CF163A1F670FEA004E6D06 /* On The Map */ = {
			isa = PBXNativeTarget;
			buildConfigurationList = 12CF164D1F670FEA004E6D06 /* Build configuration list for PBXNativeTarget "On The Map" */;
			buildPhases = (
				12CF16371F670FEA004E6D06 /* Sources */,
				12CF16381F670FEA004E6D06 /* Frameworks */,
				12CF16391F670FEA004E6D06 /* Resources */,
			);
			buildRules = (
			);
			dependencies = (
			);
			name = "On The Map";
			productName = "On The Map";
			productReference = 12CF163B1F670FEA004E6D06 /* On The Map.app */;
			productType = "com.apple.product-type.application";
		};
/* End PBXNativeTarget section */

/* Begin PBXProject section */
		12CF16331F670FEA004E6D06 /* Project object */ = {
			isa = PBXProject;
			attributes = {
				LastSwiftUpdateCheck = 0830;
				LastUpgradeCheck = 0830;
				ORGANIZATIONNAME = "Pete Barnes";
				TargetAttributes = {
					12CF163A1F670FEA004E6D06 = {
						CreatedOnToolsVersion = 8.3.3;
						DevelopmentTeam = L5FNV85WPP;
						ProvisioningStyle = Automatic;
					};
				};
			};
			buildConfigurationList = 12CF16361F670FEA004E6D06 /* Build configuration list for PBXProject "On The Map" */;
			compatibilityVersion = "Xcode 3.2";
			developmentRegion = English;
			hasScannedForEncodings = 0;
			knownRegions = (
				en,
				Base,
			);
			mainGroup = 12CF16321F670FEA004E6D06;
			productRefGroup = 12CF163C1F670FEA004E6D06 /* Products */;
			projectDirPath = "";
			projectRoot = "";
			targets = (
				12CF163A1F670FEA004E6D06 /* On The Map */,
			);
		};
/* End PBXProject section */

/* Begin PBXResourcesBuildPhase section */
		12CF16391F670FEA004E6D06 /* Resources */ = {
			isa = PBXResourcesBuildPhase;
			buildActionMask = 2147483647;
			files = (
				12CF16491F670FEA004E6D06 /* LaunchScreen.storyboard in Resources */,
				12CF16461F670FEA004E6D06 /* Assets.xcassets in Resources */,
				12CF16441F670FEA004E6D06 /* Main.storyboard in Resources */,
			);
			runOnlyForDeploymentPostprocessing = 0;
		};
/* End PBXResourcesBuildPhase section */

/* Begin PBXSourcesBuildPhase section */
		12CF16371F670FEA004E6D06 /* Sources */ = {
			isa = PBXSourcesBuildPhase;
			buildActionMask = 2147483647;
			files = (
				127D25F91F6F4CE6000F2074 /* OnTheMapTabBarController.swift in Sources */,
				12CF16411F670FEA004E6D06 /* LoginViewController.swift in Sources */,
				12CF16611F671F61004E6D06 /* StudentMapViewController.swift in Sources */,
				12CF16571F671D6F004E6D06 /* UdacityConstants.swift in Sources */,
				12CF16711F678497004E6D06 /* NetworkClient.swift in Sources */,
				124F9A541F75F821004CDE9F /* StudentInformationClient.swift in Sources */,
				12CF165F1F671EA9004E6D06 /* StudentInformationTableViewController.swift in Sources */,
				12CF166F1F672609004E6D06 /* GCDBlackBox.swift in Sources */,
				1288ED6B1F71B6BE008AF851 /* AlertViewHelper.swift in Sources */,
				124F9A521F746C9B004CDE9F /* StudentInformationHandler.swift in Sources */,
				12CF165D1F671DF0004E6D06 /* ParseClient.swift in Sources */,
				12CF165B1F671DD3004E6D06 /* UdacityClient.swift in Sources */,
				12CF163F1F670FEA004E6D06 /* AppDelegate.swift in Sources */,
				12CF16591F671DA9004E6D06 /* StudentInformation.swift in Sources */,
				12CF16551F671D38004E6D06 /* ParseConstants.swift in Sources */,
				12A58C0A1F7B55F9008F0D6A /* VIewControllerExtensions.swift in Sources */,
				12CF16631F671F7C004E6D06 /* StudentInformationPostingViewController.swift in Sources */,
			);
			runOnlyForDeploymentPostprocessing = 0;
		};
/* End PBXSourcesBuildPhase section */

/* Begin PBXVariantGroup section */
		12CF16421F670FEA004E6D06 /* Main.storyboard */ = {
			isa = PBXVariantGroup;
			children = (
				12CF16431F670FEA004E6D06 /* Base */,
			);
			name = Main.storyboard;
			sourceTree = "<group>";
		};
		12CF16471F670FEA004E6D06 /* LaunchScreen.storyboard */ = {
			isa = PBXVariantGroup;
			children = (
				12CF16481F670FEA004E6D06 /* Base */,
			);
			name = LaunchScreen.storyboard;
			sourceTree = "<group>";
		};
/* End PBXVariantGroup section */

/* Begin XCBuildConfiguration section */
		12CF164B1F670FEA004E6D06 /* Debug */ = {
			isa = XCBuildConfiguration;
			buildSettings = {
				ALWAYS_SEARCH_USER_PATHS = NO;
				CLANG_ANALYZER_NONNULL = YES;
				CLANG_ANALYZER_NUMBER_OBJECT_CONVERSION = YES_AGGRESSIVE;
				CLANG_CXX_LANGUAGE_STANDARD = "gnu++0x";
				CLANG_CXX_LIBRARY = "libc++";
				CLANG_ENABLE_MODULES = YES;
				CLANG_ENABLE_OBJC_ARC = YES;
				CLANG_WARN_BOOL_CONVERSION = YES;
				CLANG_WARN_CONSTANT_CONVERSION = YES;
				CLANG_WARN_DIRECT_OBJC_ISA_USAGE = YES_ERROR;
				CLANG_WARN_DOCUMENTATION_COMMENTS = YES;
				CLANG_WARN_EMPTY_BODY = YES;
				CLANG_WARN_ENUM_CONVERSION = YES;
				CLANG_WARN_INFINITE_RECURSION = YES;
				CLANG_WARN_INT_CONVERSION = YES;
				CLANG_WARN_OBJC_ROOT_CLASS = YES_ERROR;
				CLANG_WARN_SUSPICIOUS_MOVE = YES;
				CLANG_WARN_UNREACHABLE_CODE = YES;
				CLANG_WARN__DUPLICATE_METHOD_MATCH = YES;
				"CODE_SIGN_IDENTITY[sdk=iphoneos*]" = "iPhone Developer";
				COPY_PHASE_STRIP = NO;
				DEBUG_INFORMATION_FORMAT = dwarf;
				ENABLE_STRICT_OBJC_MSGSEND = YES;
				ENABLE_TESTABILITY = YES;
				GCC_C_LANGUAGE_STANDARD = gnu99;
				GCC_DYNAMIC_NO_PIC = NO;
				GCC_NO_COMMON_BLOCKS = YES;
				GCC_OPTIMIZATION_LEVEL = 0;
				GCC_PREPROCESSOR_DEFINITIONS = (
					"DEBUG=1",
					"$(inherited)",
				);
				GCC_WARN_64_TO_32_BIT_CONVERSION = YES;
				GCC_WARN_ABOUT_RETURN_TYPE = YES_ERROR;
				GCC_WARN_UNDECLARED_SELECTOR = YES;
				GCC_WARN_UNINITIALIZED_AUTOS = YES_AGGRESSIVE;
				GCC_WARN_UNUSED_FUNCTION = YES;
				GCC_WARN_UNUSED_VARIABLE = YES;
				IPHONEOS_DEPLOYMENT_TARGET = 10.3;
				MTL_ENABLE_DEBUG_INFO = YES;
				ONLY_ACTIVE_ARCH = YES;
				SDKROOT = iphoneos;
				SWIFT_ACTIVE_COMPILATION_CONDITIONS = DEBUG;
				SWIFT_OPTIMIZATION_LEVEL = "-Onone";
			};
			name = Debug;
		};
		12CF164C1F670FEA004E6D06 /* Release */ = {
			isa = XCBuildConfiguration;
			buildSettings = {
				ALWAYS_SEARCH_USER_PATHS = NO;
				CLANG_ANALYZER_NONNULL = YES;
				CLANG_ANALYZER_NUMBER_OBJECT_CONVERSION = YES_AGGRESSIVE;
				CLANG_CXX_LANGUAGE_STANDARD = "gnu++0x";
				CLANG_CXX_LIBRARY = "libc++";
				CLANG_ENABLE_MODULES = YES;
				CLANG_ENABLE_OBJC_ARC = YES;
				CLANG_WARN_BOOL_CONVERSION = YES;
				CLANG_WARN_CONSTANT_CONVERSION = YES;
				CLANG_WARN_DIRECT_OBJC_ISA_USAGE = YES_ERROR;
				CLANG_WARN_DOCUMENTATION_COMMENTS = YES;
				CLANG_WARN_EMPTY_BODY = YES;
				CLANG_WARN_ENUM_CONVERSION = YES;
				CLANG_WARN_INFINITE_RECURSION = YES;
				CLANG_WARN_INT_CONVERSION = YES;
				CLANG_WARN_OBJC_ROOT_CLASS = YES_ERROR;
				CLANG_WARN_SUSPICIOUS_MOVE = YES;
				CLANG_WARN_UNREACHABLE_CODE = YES;
				CLANG_WARN__DUPLICATE_METHOD_MATCH = YES;
				"CODE_SIGN_IDENTITY[sdk=iphoneos*]" = "iPhone Developer";
				COPY_PHASE_STRIP = NO;
				DEBUG_INFORMATION_FORMAT = "dwarf-with-dsym";
				ENABLE_NS_ASSERTIONS = NO;
				ENABLE_STRICT_OBJC_MSGSEND = YES;
				GCC_C_LANGUAGE_STANDARD = gnu99;
				GCC_NO_COMMON_BLOCKS = YES;
				GCC_WARN_64_TO_32_BIT_CONVERSION = YES;
				GCC_WARN_ABOUT_RETURN_TYPE = YES_ERROR;
				GCC_WARN_UNDECLARED_SELECTOR = YES;
				GCC_WARN_UNINITIALIZED_AUTOS = YES_AGGRESSIVE;
				GCC_WARN_UNUSED_FUNCTION = YES;
				GCC_WARN_UNUSED_VARIABLE = YES;
				IPHONEOS_DEPLOYMENT_TARGET = 10.3;
				MTL_ENABLE_DEBUG_INFO = NO;
				SDKROOT = iphoneos;
				SWIFT_OPTIMIZATION_LEVEL = "-Owholemodule";
				VALIDATE_PRODUCT = YES;
			};
			name = Release;
		};
		12CF164E1F670FEA004E6D06 /* Debug */ = {
			isa = XCBuildConfiguration;
			buildSettings = {
				ASSETCATALOG_COMPILER_APPICON_NAME = AppIcon;
				DEVELOPMENT_TEAM = L5FNV85WPP;
				INFOPLIST_FILE = "On The Map/Info.plist";
				LD_RUNPATH_SEARCH_PATHS = "$(inherited) @executable_path/Frameworks";
				PRODUCT_BUNDLE_IDENTIFIER = "com.meb.On-The-Map";
				PRODUCT_NAME = "$(TARGET_NAME)";
				SWIFT_VERSION = 3.0;
			};
			name = Debug;
		};
		12CF164F1F670FEA004E6D06 /* Release */ = {
			isa = XCBuildConfiguration;
			buildSettings = {
				ASSETCATALOG_COMPILER_APPICON_NAME = AppIcon;
				DEVELOPMENT_TEAM = L5FNV85WPP;
				INFOPLIST_FILE = "On The Map/Info.plist";
				LD_RUNPATH_SEARCH_PATHS = "$(inherited) @executable_path/Frameworks";
				PRODUCT_BUNDLE_IDENTIFIER = "com.meb.On-The-Map";
				PRODUCT_NAME = "$(TARGET_NAME)";
				SWIFT_VERSION = 3.0;
			};
			name = Release;
		};
/* End XCBuildConfiguration section */

/* Begin XCConfigurationList section */
		12CF16361F670FEA004E6D06 /* Build configuration list for PBXProject "On The Map" */ = {
			isa = XCConfigurationList;
			buildConfigurations = (
				12CF164B1F670FEA004E6D06 /* Debug */,
				12CF164C1F670FEA004E6D06 /* Release */,
			);
			defaultConfigurationIsVisible = 0;
			defaultConfigurationName = Release;
		};
		12CF164D1F670FEA004E6D06 /* Build configuration list for PBXNativeTarget "On The Map" */ = {
			isa = XCConfigurationList;
			buildConfigurations = (
				12CF164E1F670FEA004E6D06 /* Debug */,
				12CF164F1F670FEA004E6D06 /* Release */,
			);
			defaultConfigurationIsVisible = 0;
			defaultConfigurationName = Release;
		};
/* End XCConfigurationList section */
	};
	rootObject = 12CF16331F670FEA004E6D06 /* Project object */;
}
